
Microsoft Visual Studio Solution File, Format Version 12.00
# Visual Studio Version 16
VisualStudioVersion = 16.0.28621.142
MinimumVisualStudioVersion = 10.0.40219.1
Project("{FAE04EC0-301F-11D3-BF4B-00C04F79EFBC}") = "SonLVL.GUI", "SonLVL\SonLVL.GUI.csproj", "{934ED80F-F466-423E-8203-9A3F35583323}"
EndProject
Project("{FAE04EC0-301F-11D3-BF4B-00C04F79EFBC}") = "SonLVL.API", "SonLVLAPI\SonLVL.API.csproj", "{01D2110B-F4E7-4914-8781-8B1C24D888AD}"
EndProject
Project("{2150E333-8FDC-42A3-9474-1A3956D46DE8}") = "Object Definitions", "Object Definitions", "{559600F7-C44B-4607-AA42-DA479F69F72E}"
EndProject
Project("{FAE04EC0-301F-11D3-BF4B-00C04F79EFBC}") = "S2ObjectDefinitions", "S2Git\S2ObjectDefinitions.csproj", "{5C7E297C-4CE9-47F9-A493-C6F93B1CFB66}"
EndProject
Project("{FAE04EC0-301F-11D3-BF4B-00C04F79EFBC}") = "S1ObjectDefinitions", "S1ObjectDefinitions\S1ObjectDefinitions.csproj", "{060A0427-C91D-44B7-98CB-A0129B14ECDD}"
EndProject
Project("{FAE04EC0-301F-11D3-BF4B-00C04F79EFBC}") = "RSDKv5", "RSDKv5\RSDKv5.csproj", "{CF5496F8-002B-408F-9B3D-67C88F610283}"
EndProject
Global
	GlobalSection(SolutionConfigurationPlatforms) = preSolution
		Debug(x64)|Any CPU = Debug(x64)|Any CPU
		Debug(x64)|x64 = Debug(x64)|x64
		Debug(x64)|x86 = Debug(x64)|x86
		Debug|Any CPU = Debug|Any CPU
		Debug|x64 = Debug|x64
		Debug|x86 = Debug|x86
		Release|Any CPU = Release|Any CPU
		Release|x64 = Release|x64
		Release|x86 = Release|x86
		x64 Debug|Any CPU = x64 Debug|Any CPU
		x64 Debug|x64 = x64 Debug|x64
		x64 Debug|x86 = x64 Debug|x86
		x64 Release|Any CPU = x64 Release|Any CPU
		x64 Release|x64 = x64 Release|x64
		x64 Release|x86 = x64 Release|x86
		x86 Debug|Any CPU = x86 Debug|Any CPU
		x86 Debug|x64 = x86 Debug|x64
		x86 Debug|x86 = x86 Debug|x86
		x86 Release|Any CPU = x86 Release|Any CPU
		x86 Release|x64 = x86 Release|x64
		x86 Release|x86 = x86 Release|x86
	EndGlobalSection
	GlobalSection(ProjectConfigurationPlatforms) = postSolution
		{934ED80F-F466-423E-8203-9A3F35583323}.Debug(x64)|Any CPU.ActiveCfg = Debug|Any CPU
		{934ED80F-F466-423E-8203-9A3F35583323}.Debug(x64)|Any CPU.Build.0 = Debug|Any CPU
		{934ED80F-F466-423E-8203-9A3F35583323}.Debug(x64)|x64.ActiveCfg = Debug|Any CPU
		{934ED80F-F466-423E-8203-9A3F35583323}.Debug(x64)|x64.Build.0 = Debug|Any CPU
		{934ED80F-F466-423E-8203-9A3F35583323}.Debug(x64)|x86.ActiveCfg = Debug|Any CPU
		{934ED80F-F466-423E-8203-9A3F35583323}.Debug(x64)|x86.Build.0 = Debug|Any CPU
		{934ED80F-F466-423E-8203-9A3F35583323}.Debug|Any CPU.ActiveCfg = Debug|Any CPU
		{934ED80F-F466-423E-8203-9A3F35583323}.Debug|Any CPU.Build.0 = Debug|Any CPU
		{934ED80F-F466-423E-8203-9A3F35583323}.Debug|x64.ActiveCfg = Debug|Any CPU
		{934ED80F-F466-423E-8203-9A3F35583323}.Debug|x64.Build.0 = Debug|Any CPU
		{934ED80F-F466-423E-8203-9A3F35583323}.Debug|x86.ActiveCfg = Debug|Any CPU
		{934ED80F-F466-423E-8203-9A3F35583323}.Debug|x86.Build.0 = Debug|Any CPU
		{934ED80F-F466-423E-8203-9A3F35583323}.Release|Any CPU.ActiveCfg = Release|Any CPU
		{934ED80F-F466-423E-8203-9A3F35583323}.Release|Any CPU.Build.0 = Release|Any CPU
		{934ED80F-F466-423E-8203-9A3F35583323}.Release|x64.ActiveCfg = Release|Any CPU
		{934ED80F-F466-423E-8203-9A3F35583323}.Release|x64.Build.0 = Release|Any CPU
		{934ED80F-F466-423E-8203-9A3F35583323}.Release|x86.ActiveCfg = Release|Any CPU
		{934ED80F-F466-423E-8203-9A3F35583323}.Release|x86.Build.0 = Release|Any CPU
		{934ED80F-F466-423E-8203-9A3F35583323}.x64 Debug|Any CPU.ActiveCfg = Debug|Any CPU
		{934ED80F-F466-423E-8203-9A3F35583323}.x64 Debug|Any CPU.Build.0 = Debug|Any CPU
		{934ED80F-F466-423E-8203-9A3F35583323}.x64 Debug|x64.ActiveCfg = Debug|Any CPU
		{934ED80F-F466-423E-8203-9A3F35583323}.x64 Debug|x64.Build.0 = Debug|Any CPU
		{934ED80F-F466-423E-8203-9A3F35583323}.x64 Debug|x86.ActiveCfg = Debug|Any CPU
		{934ED80F-F466-423E-8203-9A3F35583323}.x64 Debug|x86.Build.0 = Debug|Any CPU
		{934ED80F-F466-423E-8203-9A3F35583323}.x64 Release|Any CPU.ActiveCfg = Release|Any CPU
		{934ED80F-F466-423E-8203-9A3F35583323}.x64 Release|Any CPU.Build.0 = Release|Any CPU
		{934ED80F-F466-423E-8203-9A3F35583323}.x64 Release|x64.ActiveCfg = Release|Any CPU
		{934ED80F-F466-423E-8203-9A3F35583323}.x64 Release|x64.Build.0 = Release|Any CPU
		{934ED80F-F466-423E-8203-9A3F35583323}.x64 Release|x86.ActiveCfg = Release|Any CPU
		{934ED80F-F466-423E-8203-9A3F35583323}.x64 Release|x86.Build.0 = Release|Any CPU
		{934ED80F-F466-423E-8203-9A3F35583323}.x86 Debug|Any CPU.ActiveCfg = Debug|Any CPU
		{934ED80F-F466-423E-8203-9A3F35583323}.x86 Debug|Any CPU.Build.0 = Debug|Any CPU
		{934ED80F-F466-423E-8203-9A3F35583323}.x86 Debug|x64.ActiveCfg = Debug|Any CPU
		{934ED80F-F466-423E-8203-9A3F35583323}.x86 Debug|x64.Build.0 = Debug|Any CPU
		{934ED80F-F466-423E-8203-9A3F35583323}.x86 Debug|x86.ActiveCfg = Debug|Any CPU
		{934ED80F-F466-423E-8203-9A3F35583323}.x86 Debug|x86.Build.0 = Debug|Any CPU
		{934ED80F-F466-423E-8203-9A3F35583323}.x86 Release|Any CPU.ActiveCfg = Release|Any CPU
		{934ED80F-F466-423E-8203-9A3F35583323}.x86 Release|Any CPU.Build.0 = Release|Any CPU
		{934ED80F-F466-423E-8203-9A3F35583323}.x86 Release|x64.ActiveCfg = Release|Any CPU
		{934ED80F-F466-423E-8203-9A3F35583323}.x86 Release|x64.Build.0 = Release|Any CPU
		{934ED80F-F466-423E-8203-9A3F35583323}.x86 Release|x86.ActiveCfg = Release|Any CPU
		{934ED80F-F466-423E-8203-9A3F35583323}.x86 Release|x86.Build.0 = Release|Any CPU
		{01D2110B-F4E7-4914-8781-8B1C24D888AD}.Debug(x64)|Any CPU.ActiveCfg = Debug|Any CPU
		{01D2110B-F4E7-4914-8781-8B1C24D888AD}.Debug(x64)|Any CPU.Build.0 = Debug|Any CPU
		{01D2110B-F4E7-4914-8781-8B1C24D888AD}.Debug(x64)|x64.ActiveCfg = Debug|Any CPU
		{01D2110B-F4E7-4914-8781-8B1C24D888AD}.Debug(x64)|x64.Build.0 = Debug|Any CPU
		{01D2110B-F4E7-4914-8781-8B1C24D888AD}.Debug(x64)|x86.ActiveCfg = Debug|Any CPU
		{01D2110B-F4E7-4914-8781-8B1C24D888AD}.Debug(x64)|x86.Build.0 = Debug|Any CPU
		{01D2110B-F4E7-4914-8781-8B1C24D888AD}.Debug|Any CPU.ActiveCfg = Debug|Any CPU
		{01D2110B-F4E7-4914-8781-8B1C24D888AD}.Debug|Any CPU.Build.0 = Debug|Any CPU
		{01D2110B-F4E7-4914-8781-8B1C24D888AD}.Debug|x64.ActiveCfg = Debug|Any CPU
		{01D2110B-F4E7-4914-8781-8B1C24D888AD}.Debug|x64.Build.0 = Debug|Any CPU
		{01D2110B-F4E7-4914-8781-8B1C24D888AD}.Debug|x86.ActiveCfg = Debug|Any CPU
		{01D2110B-F4E7-4914-8781-8B1C24D888AD}.Debug|x86.Build.0 = Debug|Any CPU
		{01D2110B-F4E7-4914-8781-8B1C24D888AD}.Release|Any CPU.ActiveCfg = Release|Any CPU
		{01D2110B-F4E7-4914-8781-8B1C24D888AD}.Release|Any CPU.Build.0 = Release|Any CPU
		{01D2110B-F4E7-4914-8781-8B1C24D888AD}.Release|x64.ActiveCfg = Release|Any CPU
		{01D2110B-F4E7-4914-8781-8B1C24D888AD}.Release|x64.Build.0 = Release|Any CPU
		{01D2110B-F4E7-4914-8781-8B1C24D888AD}.Release|x86.ActiveCfg = Release|Any CPU
		{01D2110B-F4E7-4914-8781-8B1C24D888AD}.Release|x86.Build.0 = Release|Any CPU
		{01D2110B-F4E7-4914-8781-8B1C24D888AD}.x64 Debug|Any CPU.ActiveCfg = Debug|Any CPU
		{01D2110B-F4E7-4914-8781-8B1C24D888AD}.x64 Debug|Any CPU.Build.0 = Debug|Any CPU
		{01D2110B-F4E7-4914-8781-8B1C24D888AD}.x64 Debug|x64.ActiveCfg = Debug|Any CPU
		{01D2110B-F4E7-4914-8781-8B1C24D888AD}.x64 Debug|x64.Build.0 = Debug|Any CPU
		{01D2110B-F4E7-4914-8781-8B1C24D888AD}.x64 Debug|x86.ActiveCfg = Debug|Any CPU
		{01D2110B-F4E7-4914-8781-8B1C24D888AD}.x64 Debug|x86.Build.0 = Debug|Any CPU
		{01D2110B-F4E7-4914-8781-8B1C24D888AD}.x64 Release|Any CPU.ActiveCfg = Release|Any CPU
		{01D2110B-F4E7-4914-8781-8B1C24D888AD}.x64 Release|Any CPU.Build.0 = Release|Any CPU
		{01D2110B-F4E7-4914-8781-8B1C24D888AD}.x64 Release|x64.ActiveCfg = Release|Any CPU
		{01D2110B-F4E7-4914-8781-8B1C24D888AD}.x64 Release|x64.Build.0 = Release|Any CPU
		{01D2110B-F4E7-4914-8781-8B1C24D888AD}.x64 Release|x86.ActiveCfg = Release|Any CPU
		{01D2110B-F4E7-4914-8781-8B1C24D888AD}.x64 Release|x86.Build.0 = Release|Any CPU
		{01D2110B-F4E7-4914-8781-8B1C24D888AD}.x86 Debug|Any CPU.ActiveCfg = Debug|Any CPU
		{01D2110B-F4E7-4914-8781-8B1C24D888AD}.x86 Debug|Any CPU.Build.0 = Debug|Any CPU
		{01D2110B-F4E7-4914-8781-8B1C24D888AD}.x86 Debug|x64.ActiveCfg = Debug|Any CPU
		{01D2110B-F4E7-4914-8781-8B1C24D888AD}.x86 Debug|x64.Build.0 = Debug|Any CPU
		{01D2110B-F4E7-4914-8781-8B1C24D888AD}.x86 Debug|x86.ActiveCfg = Debug|Any CPU
		{01D2110B-F4E7-4914-8781-8B1C24D888AD}.x86 Debug|x86.Build.0 = Debug|Any CPU
		{01D2110B-F4E7-4914-8781-8B1C24D888AD}.x86 Release|Any CPU.ActiveCfg = Release|Any CPU
		{01D2110B-F4E7-4914-8781-8B1C24D888AD}.x86 Release|Any CPU.Build.0 = Release|Any CPU
		{01D2110B-F4E7-4914-8781-8B1C24D888AD}.x86 Release|x64.ActiveCfg = Release|Any CPU
		{01D2110B-F4E7-4914-8781-8B1C24D888AD}.x86 Release|x64.Build.0 = Release|Any CPU
		{01D2110B-F4E7-4914-8781-8B1C24D888AD}.x86 Release|x86.ActiveCfg = Release|Any CPU
		{01D2110B-F4E7-4914-8781-8B1C24D888AD}.x86 Release|x86.Build.0 = Release|Any CPU
		{5C7E297C-4CE9-47F9-A493-C6F93B1CFB66}.Debug(x64)|Any CPU.ActiveCfg = Debug|Any CPU
		{5C7E297C-4CE9-47F9-A493-C6F93B1CFB66}.Debug(x64)|Any CPU.Build.0 = Debug|Any CPU
		{5C7E297C-4CE9-47F9-A493-C6F93B1CFB66}.Debug(x64)|x64.ActiveCfg = Debug|Any CPU
		{5C7E297C-4CE9-47F9-A493-C6F93B1CFB66}.Debug(x64)|x64.Build.0 = Debug|Any CPU
		{5C7E297C-4CE9-47F9-A493-C6F93B1CFB66}.Debug(x64)|x86.ActiveCfg = Debug|Any CPU
		{5C7E297C-4CE9-47F9-A493-C6F93B1CFB66}.Debug(x64)|x86.Build.0 = Debug|Any CPU
		{5C7E297C-4CE9-47F9-A493-C6F93B1CFB66}.Debug|Any CPU.ActiveCfg = Debug|Any CPU
		{5C7E297C-4CE9-47F9-A493-C6F93B1CFB66}.Debug|Any CPU.Build.0 = Debug|Any CPU
		{5C7E297C-4CE9-47F9-A493-C6F93B1CFB66}.Debug|x64.ActiveCfg = Debug|Any CPU
		{5C7E297C-4CE9-47F9-A493-C6F93B1CFB66}.Debug|x64.Build.0 = Debug|Any CPU
		{5C7E297C-4CE9-47F9-A493-C6F93B1CFB66}.Debug|x86.ActiveCfg = Debug|Any CPU
		{5C7E297C-4CE9-47F9-A493-C6F93B1CFB66}.Debug|x86.Build.0 = Debug|Any CPU
		{5C7E297C-4CE9-47F9-A493-C6F93B1CFB66}.Release|Any CPU.ActiveCfg = Release|Any CPU
		{5C7E297C-4CE9-47F9-A493-C6F93B1CFB66}.Release|Any CPU.Build.0 = Release|Any CPU
		{5C7E297C-4CE9-47F9-A493-C6F93B1CFB66}.Release|x64.ActiveCfg = Release|Any CPU
		{5C7E297C-4CE9-47F9-A493-C6F93B1CFB66}.Release|x64.Build.0 = Release|Any CPU
		{5C7E297C-4CE9-47F9-A493-C6F93B1CFB66}.Release|x86.ActiveCfg = Release|Any CPU
		{5C7E297C-4CE9-47F9-A493-C6F93B1CFB66}.Release|x86.Build.0 = Release|Any CPU
		{5C7E297C-4CE9-47F9-A493-C6F93B1CFB66}.x64 Debug|Any CPU.ActiveCfg = Debug|Any CPU
		{5C7E297C-4CE9-47F9-A493-C6F93B1CFB66}.x64 Debug|Any CPU.Build.0 = Debug|Any CPU
		{5C7E297C-4CE9-47F9-A493-C6F93B1CFB66}.x64 Debug|x64.ActiveCfg = Debug|Any CPU
		{5C7E297C-4CE9-47F9-A493-C6F93B1CFB66}.x64 Debug|x64.Build.0 = Debug|Any CPU
		{5C7E297C-4CE9-47F9-A493-C6F93B1CFB66}.x64 Debug|x86.ActiveCfg = Debug|Any CPU
		{5C7E297C-4CE9-47F9-A493-C6F93B1CFB66}.x64 Debug|x86.Build.0 = Debug|Any CPU
		{5C7E297C-4CE9-47F9-A493-C6F93B1CFB66}.x64 Release|Any CPU.ActiveCfg = Release|Any CPU
		{5C7E297C-4CE9-47F9-A493-C6F93B1CFB66}.x64 Release|Any CPU.Build.0 = Release|Any CPU
		{5C7E297C-4CE9-47F9-A493-C6F93B1CFB66}.x64 Release|x64.ActiveCfg = Release|Any CPU
		{5C7E297C-4CE9-47F9-A493-C6F93B1CFB66}.x64 Release|x64.Build.0 = Release|Any CPU
		{5C7E297C-4CE9-47F9-A493-C6F93B1CFB66}.x64 Release|x86.ActiveCfg = Release|Any CPU
		{5C7E297C-4CE9-47F9-A493-C6F93B1CFB66}.x64 Release|x86.Build.0 = Release|Any CPU
		{5C7E297C-4CE9-47F9-A493-C6F93B1CFB66}.x86 Debug|Any CPU.ActiveCfg = Debug|Any CPU
		{5C7E297C-4CE9-47F9-A493-C6F93B1CFB66}.x86 Debug|Any CPU.Build.0 = Debug|Any CPU
		{5C7E297C-4CE9-47F9-A493-C6F93B1CFB66}.x86 Debug|x64.ActiveCfg = Debug|Any CPU
		{5C7E297C-4CE9-47F9-A493-C6F93B1CFB66}.x86 Debug|x64.Build.0 = Debug|Any CPU
		{5C7E297C-4CE9-47F9-A493-C6F93B1CFB66}.x86 Debug|x86.ActiveCfg = Debug|Any CPU
		{5C7E297C-4CE9-47F9-A493-C6F93B1CFB66}.x86 Debug|x86.Build.0 = Debug|Any CPU
		{5C7E297C-4CE9-47F9-A493-C6F93B1CFB66}.x86 Release|Any CPU.ActiveCfg = Release|Any CPU
		{5C7E297C-4CE9-47F9-A493-C6F93B1CFB66}.x86 Release|Any CPU.Build.0 = Release|Any CPU
		{5C7E297C-4CE9-47F9-A493-C6F93B1CFB66}.x86 Release|x64.ActiveCfg = Release|Any CPU
		{5C7E297C-4CE9-47F9-A493-C6F93B1CFB66}.x86 Release|x64.Build.0 = Release|Any CPU
		{5C7E297C-4CE9-47F9-A493-C6F93B1CFB66}.x86 Release|x86.ActiveCfg = Release|Any CPU
		{5C7E297C-4CE9-47F9-A493-C6F93B1CFB66}.x86 Release|x86.Build.0 = Release|Any CPU
		{060A0427-C91D-44B7-98CB-A0129B14ECDD}.Debug(x64)|Any CPU.ActiveCfg = Debug|Any CPU
		{060A0427-C91D-44B7-98CB-A0129B14ECDD}.Debug(x64)|Any CPU.Build.0 = Debug|Any CPU
		{060A0427-C91D-44B7-98CB-A0129B14ECDD}.Debug(x64)|x64.ActiveCfg = Debug|Any CPU
		{060A0427-C91D-44B7-98CB-A0129B14ECDD}.Debug(x64)|x64.Build.0 = Debug|Any CPU
		{060A0427-C91D-44B7-98CB-A0129B14ECDD}.Debug(x64)|x86.ActiveCfg = Debug|Any CPU
		{060A0427-C91D-44B7-98CB-A0129B14ECDD}.Debug(x64)|x86.Build.0 = Debug|Any CPU
		{060A0427-C91D-44B7-98CB-A0129B14ECDD}.Debug|Any CPU.ActiveCfg = Debug|Any CPU
		{060A0427-C91D-44B7-98CB-A0129B14ECDD}.Debug|Any CPU.Build.0 = Debug|Any CPU
		{060A0427-C91D-44B7-98CB-A0129B14ECDD}.Debug|x64.ActiveCfg = Debug|Any CPU
		{060A0427-C91D-44B7-98CB-A0129B14ECDD}.Debug|x64.Build.0 = Debug|Any CPU
		{060A0427-C91D-44B7-98CB-A0129B14ECDD}.Debug|x86.ActiveCfg = Debug|Any CPU
		{060A0427-C91D-44B7-98CB-A0129B14ECDD}.Debug|x86.Build.0 = Debug|Any CPU
		{060A0427-C91D-44B7-98CB-A0129B14ECDD}.Release|Any CPU.ActiveCfg = Release|Any CPU
		{060A0427-C91D-44B7-98CB-A0129B14ECDD}.Release|Any CPU.Build.0 = Release|Any CPU
		{060A0427-C91D-44B7-98CB-A0129B14ECDD}.Release|x64.ActiveCfg = Release|Any CPU
		{060A0427-C91D-44B7-98CB-A0129B14ECDD}.Release|x64.Build.0 = Release|Any CPU
		{060A0427-C91D-44B7-98CB-A0129B14ECDD}.Release|x86.ActiveCfg = Release|Any CPU
		{060A0427-C91D-44B7-98CB-A0129B14ECDD}.Release|x86.Build.0 = Release|Any CPU
		{060A0427-C91D-44B7-98CB-A0129B14ECDD}.x64 Debug|Any CPU.ActiveCfg = Debug|Any CPU
		{060A0427-C91D-44B7-98CB-A0129B14ECDD}.x64 Debug|Any CPU.Build.0 = Debug|Any CPU
		{060A0427-C91D-44B7-98CB-A0129B14ECDD}.x64 Debug|x64.ActiveCfg = Debug|Any CPU
		{060A0427-C91D-44B7-98CB-A0129B14ECDD}.x64 Debug|x64.Build.0 = Debug|Any CPU
		{060A0427-C91D-44B7-98CB-A0129B14ECDD}.x64 Debug|x86.ActiveCfg = Debug|Any CPU
		{060A0427-C91D-44B7-98CB-A0129B14ECDD}.x64 Debug|x86.Build.0 = Debug|Any CPU
		{060A0427-C91D-44B7-98CB-A0129B14ECDD}.x64 Release|Any CPU.ActiveCfg = Release|Any CPU
		{060A0427-C91D-44B7-98CB-A0129B14ECDD}.x64 Release|Any CPU.Build.0 = Release|Any CPU
		{060A0427-C91D-44B7-98CB-A0129B14ECDD}.x64 Release|x64.ActiveCfg = Release|Any CPU
		{060A0427-C91D-44B7-98CB-A0129B14ECDD}.x64 Release|x64.Build.0 = Release|Any CPU
		{060A0427-C91D-44B7-98CB-A0129B14ECDD}.x64 Release|x86.ActiveCfg = Release|Any CPU
		{060A0427-C91D-44B7-98CB-A0129B14ECDD}.x64 Release|x86.Build.0 = Release|Any CPU
		{060A0427-C91D-44B7-98CB-A0129B14ECDD}.x86 Debug|Any CPU.ActiveCfg = Debug|Any CPU
		{060A0427-C91D-44B7-98CB-A0129B14ECDD}.x86 Debug|Any CPU.Build.0 = Debug|Any CPU
		{060A0427-C91D-44B7-98CB-A0129B14ECDD}.x86 Debug|x64.ActiveCfg = Debug|Any CPU
		{060A0427-C91D-44B7-98CB-A0129B14ECDD}.x86 Debug|x64.Build.0 = Debug|Any CPU
		{060A0427-C91D-44B7-98CB-A0129B14ECDD}.x86 Debug|x86.ActiveCfg = Debug|Any CPU
		{060A0427-C91D-44B7-98CB-A0129B14ECDD}.x86 Debug|x86.Build.0 = Debug|Any CPU
		{060A0427-C91D-44B7-98CB-A0129B14ECDD}.x86 Release|Any CPU.ActiveCfg = Release|Any CPU
		{060A0427-C91D-44B7-98CB-A0129B14ECDD}.x86 Release|Any CPU.Build.0 = Release|Any CPU
		{060A0427-C91D-44B7-98CB-A0129B14ECDD}.x86 Release|x64.ActiveCfg = Release|Any CPU
		{060A0427-C91D-44B7-98CB-A0129B14ECDD}.x86 Release|x64.Build.0 = Release|Any CPU
		{060A0427-C91D-44B7-98CB-A0129B14ECDD}.x86 Release|x86.ActiveCfg = Release|Any CPU
		{060A0427-C91D-44B7-98CB-A0129B14ECDD}.x86 Release|x86.Build.0 = Release|Any CPU
		{CF5496F8-002B-408F-9B3D-67C88F610283}.Debug(x64)|Any CPU.ActiveCfg = Debug(x64)|Any CPU
		{CF5496F8-002B-408F-9B3D-67C88F610283}.Debug(x64)|Any CPU.Build.0 = Debug(x64)|Any CPU
		{CF5496F8-002B-408F-9B3D-67C88F610283}.Debug(x64)|x64.ActiveCfg = Debug(x64)|x64
		{CF5496F8-002B-408F-9B3D-67C88F610283}.Debug(x64)|x64.Build.0 = Debug(x64)|x64
		{CF5496F8-002B-408F-9B3D-67C88F610283}.Debug(x64)|x86.ActiveCfg = Debug(x64)|x86
		{CF5496F8-002B-408F-9B3D-67C88F610283}.Debug(x64)|x86.Build.0 = Debug(x64)|x86
		{CF5496F8-002B-408F-9B3D-67C88F610283}.Debug|Any CPU.ActiveCfg = Debug|Any CPU
		{CF5496F8-002B-408F-9B3D-67C88F610283}.Debug|Any CPU.Build.0 = Debug|Any CPU
		{CF5496F8-002B-408F-9B3D-67C88F610283}.Debug|x64.ActiveCfg = Debug|x64
		{CF5496F8-002B-408F-9B3D-67C88F610283}.Debug|x64.Build.0 = Debug|x64
		{CF5496F8-002B-408F-9B3D-67C88F610283}.Debug|x86.ActiveCfg = Debug|x86
		{CF5496F8-002B-408F-9B3D-67C88F610283}.Debug|x86.Build.0 = Debug|x86
		{CF5496F8-002B-408F-9B3D-67C88F610283}.Release|Any CPU.ActiveCfg = Release|Any CPU
		{CF5496F8-002B-408F-9B3D-67C88F610283}.Release|Any CPU.Build.0 = Release|Any CPU
		{CF5496F8-002B-408F-9B3D-67C88F610283}.Release|x64.ActiveCfg = Release|x64
		{CF5496F8-002B-408F-9B3D-67C88F610283}.Release|x64.Build.0 = Release|x64
		{CF5496F8-002B-408F-9B3D-67C88F610283}.Release|x86.ActiveCfg = Release|x86
		{CF5496F8-002B-408F-9B3D-67C88F610283}.Release|x86.Build.0 = Release|x86
		{CF5496F8-002B-408F-9B3D-67C88F610283}.x64 Debug|Any CPU.ActiveCfg = x64 Debug|Any CPU
		{CF5496F8-002B-408F-9B3D-67C88F610283}.x64 Debug|Any CPU.Build.0 = x64 Debug|Any CPU
		{CF5496F8-002B-408F-9B3D-67C88F610283}.x64 Debug|x64.ActiveCfg = x64 Debug|x64
		{CF5496F8-002B-408F-9B3D-67C88F610283}.x64 Debug|x64.Build.0 = x64 Debug|x64
		{CF5496F8-002B-408F-9B3D-67C88F610283}.x64 Debug|x86.ActiveCfg = x64 Debug|x86
		{CF5496F8-002B-408F-9B3D-67C88F610283}.x64 Debug|x86.Build.0 = x64 Debug|x86
		{CF5496F8-002B-408F-9B3D-67C88F610283}.x64 Release|Any CPU.ActiveCfg = x64 Release|Any CPU
		{CF5496F8-002B-408F-9B3D-67C88F610283}.x64 Release|Any CPU.Build.0 = x64 Release|Any CPU
		{CF5496F8-002B-408F-9B3D-67C88F610283}.x64 Release|x64.ActiveCfg = x64 Release|x64
		{CF5496F8-002B-408F-9B3D-67C88F610283}.x64 Release|x64.Build.0 = x64 Release|x64
		{CF5496F8-002B-408F-9B3D-67C88F610283}.x64 Release|x86.ActiveCfg = x64 Release|x86
		{CF5496F8-002B-408F-9B3D-67C88F610283}.x64 Release|x86.Build.0 = x64 Release|x86
		{CF5496F8-002B-408F-9B3D-67C88F610283}.x86 Debug|Any CPU.ActiveCfg = x86 Debug|Any CPU
		{CF5496F8-002B-408F-9B3D-67C88F610283}.x86 Debug|Any CPU.Build.0 = x86 Debug|Any CPU
		{CF5496F8-002B-408F-9B3D-67C88F610283}.x86 Debug|x64.ActiveCfg = x86 Debug|x64
		{CF5496F8-002B-408F-9B3D-67C88F610283}.x86 Debug|x64.Build.0 = x86 Debug|x64
		{CF5496F8-002B-408F-9B3D-67C88F610283}.x86 Debug|x86.ActiveCfg = x86 Debug|x86
		{CF5496F8-002B-408F-9B3D-67C88F610283}.x86 Debug|x86.Build.0 = x86 Debug|x86
		{CF5496F8-002B-408F-9B3D-67C88F610283}.x86 Release|Any CPU.ActiveCfg = x86 Release|Any CPU
		{CF5496F8-002B-408F-9B3D-67C88F610283}.x86 Release|Any CPU.Build.0 = x86 Release|Any CPU
		{CF5496F8-002B-408F-9B3D-67C88F610283}.x86 Release|x64.ActiveCfg = x86 Release|x64
		{CF5496F8-002B-408F-9B3D-67C88F610283}.x86 Release|x64.Build.0 = x86 Release|x64
		{CF5496F8-002B-408F-9B3D-67C88F610283}.x86 Release|x86.ActiveCfg = x86 Release|x86
		{CF5496F8-002B-408F-9B3D-67C88F610283}.x86 Release|x86.Build.0 = x86 Release|x86
	EndGlobalSection
	GlobalSection(SolutionProperties) = preSolution
		HideSolutionNode = FALSE
	EndGlobalSection
	GlobalSection(NestedProjects) = preSolution
		{5C7E297C-4CE9-47F9-A493-C6F93B1CFB66} = {559600F7-C44B-4607-AA42-DA479F69F72E}
		{060A0427-C91D-44B7-98CB-A0129B14ECDD} = {559600F7-C44B-4607-AA42-DA479F69F72E}
	EndGlobalSection
	GlobalSection(ExtensibilityGlobals) = postSolution
		SolutionGuid = {CF5BB54B-0FB0-4194-B0CD-FA5F328CD910}
	EndGlobalSection
EndGlobal
