
Microsoft Visual Studio Solution File, Format Version 12.00
# Visual Studio 15
VisualStudioVersion = 15.0.27428.2002
MinimumVisualStudioVersion = 10.0.40219.1
Project("{8BC9CEB8-8B4A-11D0-8D11-00A0C91BC942}") = "ImpostorEngine2", "ImpostorEngine2.vcxproj", "{43B7CD4C-B24A-450B-A277-12F246CF664C}"
EndProject
Global
	GlobalSection(SolutionConfigurationPlatforms) = preSolution
		Debug|Win32 = Debug|Win32
		NoGen (Debug)|Win32 = NoGen (Debug)|Win32
		NoGen (Release)|Win32 = NoGen (Release)|Win32
		Release|Win32 = Release|Win32
	EndGlobalSection
	GlobalSection(ProjectConfigurationPlatforms) = postSolution
		{43B7CD4C-B24A-450B-A277-12F246CF664C}.Debug|Win32.ActiveCfg = Debug|Win32
		{43B7CD4C-B24A-450B-A277-12F246CF664C}.Debug|Win32.Build.0 = Debug|Win32
		{43B7CD4C-B24A-450B-A277-12F246CF664C}.NoGen (Debug)|Win32.ActiveCfg = NoGen (Debug)|Win32
		{43B7CD4C-B24A-450B-A277-12F246CF664C}.NoGen (Debug)|Win32.Build.0 = NoGen (Debug)|Win32
		{43B7CD4C-B24A-450B-A277-12F246CF664C}.NoGen (Release)|Win32.ActiveCfg = NoGen (Release)|Win32
		{43B7CD4C-B24A-450B-A277-12F246CF664C}.NoGen (Release)|Win32.Build.0 = NoGen (Release)|Win32
		{43B7CD4C-B24A-450B-A277-12F246CF664C}.Release|Win32.ActiveCfg = Release|Win32
		{43B7CD4C-B24A-450B-A277-12F246CF664C}.Release|Win32.Build.0 = Release|Win32
	EndGlobalSection
	GlobalSection(SolutionProperties) = preSolution
		HideSolutionNode = FALSE
	EndGlobalSection
	GlobalSection(ExtensibilityGlobals) = postSolution
		SolutionGuid = {6403EF0D-E9EE-4089-8275-1EF990970CE1}
	EndGlobalSection
EndGlobal
