
Microsoft Visual Studio Solution File, Format Version 12.00
# Visual Studio 15
VisualStudioVersion = 15.0.27004.2002
MinimumVisualStudioVersion = 10.0.40219.1
Project("{2150E333-8FDC-42A3-9474-1A3956D46DE8}") = "Solution Items", "Solution Items", "{4457DD0B-7361-4B25-8BC0-932E4E209AAA}"
	ProjectSection(SolutionItems) = preProject
		appveyor.yml = appveyor.yml
		README.md = README.md
	EndProjectSection
EndProject
Project("{FAE04EC0-301F-11D3-BF4B-00C04F79EFBC}") = "ManiacEditor", "ManiacEditor\ManiacEditor.csproj", "{BA2FCF85-11E7-481A-A045-86219D9393D9}"
EndProject
Project("{FAE04EC0-301F-11D3-BF4B-00C04F79EFBC}") = "Tile Maniac", "TileManiacWPF\Tile Maniac.csproj", "{D4BEBCD3-438F-4F11-9B31-E9B25AA53BFC}"
EndProject
Project("{FAE04EC0-301F-11D3-BF4B-00C04F79EFBC}") = "RSDKv5", "RSDK-Reverse\RSDKv5\RSDKv5.csproj", "{CF5496F8-002B-408F-9B3D-67C88F610283}"
EndProject
Project("{FAE04EC0-301F-11D3-BF4B-00C04F79EFBC}") = "RSDKvB", "RSDK-Reverse\RSDKvB\RSDKvB.csproj", "{1A58BA31-C9E1-4D18-876E-EC73799E7A9F}"
EndProject
Project("{FAE04EC0-301F-11D3-BF4B-00C04F79EFBC}") = "RSDKrU", "RSDK-Reverse\RSDKrU\RSDKrU.csproj", "{2BA290F0-4E82-4B58-AAB4-3C431EE4DE62}"
EndProject
Project("{FAE04EC0-301F-11D3-BF4B-00C04F79EFBC}") = "ManiacED-ManiaPal", "ManiacED-ManiaPal\ManiacED-ManiaPal.csproj", "{F75427B3-FACD-43A9-AF49-98A0F3AAADB5}"
EndProject
Global
	GlobalSection(SolutionConfigurationPlatforms) = preSolution
		Debug|Any CPU = Debug|Any CPU
		Debug|x64 = Debug|x64
		Debug|x86 = Debug|x86
		Release|Any CPU = Release|Any CPU
		Release|x64 = Release|x64
		Release|x86 = Release|x86
	EndGlobalSection
	GlobalSection(ProjectConfigurationPlatforms) = postSolution
		{BA2FCF85-11E7-481A-A045-86219D9393D9}.Debug|Any CPU.ActiveCfg = Debug|Any CPU
		{BA2FCF85-11E7-481A-A045-86219D9393D9}.Debug|Any CPU.Build.0 = Debug|Any CPU
		{BA2FCF85-11E7-481A-A045-86219D9393D9}.Debug|x64.ActiveCfg = Debug|x64
		{BA2FCF85-11E7-481A-A045-86219D9393D9}.Debug|x64.Build.0 = Debug|x64
		{BA2FCF85-11E7-481A-A045-86219D9393D9}.Debug|x86.ActiveCfg = Debug|x86
		{BA2FCF85-11E7-481A-A045-86219D9393D9}.Debug|x86.Build.0 = Debug|x86
		{BA2FCF85-11E7-481A-A045-86219D9393D9}.Release|Any CPU.ActiveCfg = Release|Any CPU
		{BA2FCF85-11E7-481A-A045-86219D9393D9}.Release|Any CPU.Build.0 = Release|Any CPU
		{BA2FCF85-11E7-481A-A045-86219D9393D9}.Release|x64.ActiveCfg = Release|x64
		{BA2FCF85-11E7-481A-A045-86219D9393D9}.Release|x64.Build.0 = Release|x64
		{BA2FCF85-11E7-481A-A045-86219D9393D9}.Release|x86.ActiveCfg = Release|x86
		{BA2FCF85-11E7-481A-A045-86219D9393D9}.Release|x86.Build.0 = Release|x86
		{D4BEBCD3-438F-4F11-9B31-E9B25AA53BFC}.Debug|Any CPU.ActiveCfg = Debug|Any CPU
		{D4BEBCD3-438F-4F11-9B31-E9B25AA53BFC}.Debug|Any CPU.Build.0 = Debug|Any CPU
		{D4BEBCD3-438F-4F11-9B31-E9B25AA53BFC}.Debug|x64.ActiveCfg = Debug|x64
		{D4BEBCD3-438F-4F11-9B31-E9B25AA53BFC}.Debug|x64.Build.0 = Debug|x64
		{D4BEBCD3-438F-4F11-9B31-E9B25AA53BFC}.Debug|x86.ActiveCfg = Debug|x86
		{D4BEBCD3-438F-4F11-9B31-E9B25AA53BFC}.Debug|x86.Build.0 = Debug|x86
		{D4BEBCD3-438F-4F11-9B31-E9B25AA53BFC}.Release|Any CPU.ActiveCfg = Release|Any CPU
		{D4BEBCD3-438F-4F11-9B31-E9B25AA53BFC}.Release|Any CPU.Build.0 = Release|Any CPU
		{D4BEBCD3-438F-4F11-9B31-E9B25AA53BFC}.Release|x64.ActiveCfg = Release|x64
		{D4BEBCD3-438F-4F11-9B31-E9B25AA53BFC}.Release|x64.Build.0 = Release|x64
		{D4BEBCD3-438F-4F11-9B31-E9B25AA53BFC}.Release|x86.ActiveCfg = Release|x86
		{D4BEBCD3-438F-4F11-9B31-E9B25AA53BFC}.Release|x86.Build.0 = Release|x86
		{CF5496F8-002B-408F-9B3D-67C88F610283}.Debug|Any CPU.ActiveCfg = Debug|Any CPU
		{CF5496F8-002B-408F-9B3D-67C88F610283}.Debug|Any CPU.Build.0 = Debug|Any CPU
		{CF5496F8-002B-408F-9B3D-67C88F610283}.Debug|x64.ActiveCfg = Debug|x64
		{CF5496F8-002B-408F-9B3D-67C88F610283}.Debug|x64.Build.0 = Debug|x64
		{CF5496F8-002B-408F-9B3D-67C88F610283}.Debug|x86.ActiveCfg = Debug|x86
		{CF5496F8-002B-408F-9B3D-67C88F610283}.Debug|x86.Build.0 = Debug|x86
		{CF5496F8-002B-408F-9B3D-67C88F610283}.Release|Any CPU.ActiveCfg = Release|Any CPU
		{CF5496F8-002B-408F-9B3D-67C88F610283}.Release|Any CPU.Build.0 = Release|Any CPU
		{CF5496F8-002B-408F-9B3D-67C88F610283}.Release|x64.ActiveCfg = Release|x64
		{CF5496F8-002B-408F-9B3D-67C88F610283}.Release|x64.Build.0 = Release|x64
		{CF5496F8-002B-408F-9B3D-67C88F610283}.Release|x86.ActiveCfg = Release|x86
		{CF5496F8-002B-408F-9B3D-67C88F610283}.Release|x86.Build.0 = Release|x86
		{1A58BA31-C9E1-4D18-876E-EC73799E7A9F}.Debug|Any CPU.ActiveCfg = Debug|Any CPU
		{1A58BA31-C9E1-4D18-876E-EC73799E7A9F}.Debug|Any CPU.Build.0 = Debug|Any CPU
		{1A58BA31-C9E1-4D18-876E-EC73799E7A9F}.Debug|x64.ActiveCfg = Debug|x64
		{1A58BA31-C9E1-4D18-876E-EC73799E7A9F}.Debug|x64.Build.0 = Debug|x64
		{1A58BA31-C9E1-4D18-876E-EC73799E7A9F}.Debug|x86.ActiveCfg = Debug|x86
		{1A58BA31-C9E1-4D18-876E-EC73799E7A9F}.Debug|x86.Build.0 = Debug|x86
		{1A58BA31-C9E1-4D18-876E-EC73799E7A9F}.Release|Any CPU.ActiveCfg = Release|Any CPU
		{1A58BA31-C9E1-4D18-876E-EC73799E7A9F}.Release|Any CPU.Build.0 = Release|Any CPU
		{1A58BA31-C9E1-4D18-876E-EC73799E7A9F}.Release|x64.ActiveCfg = Release|x64
		{1A58BA31-C9E1-4D18-876E-EC73799E7A9F}.Release|x64.Build.0 = Release|x64
		{1A58BA31-C9E1-4D18-876E-EC73799E7A9F}.Release|x86.ActiveCfg = Release|x86
		{1A58BA31-C9E1-4D18-876E-EC73799E7A9F}.Release|x86.Build.0 = Release|x86
		{2BA290F0-4E82-4B58-AAB4-3C431EE4DE62}.Debug|Any CPU.ActiveCfg = Debug|Any CPU
		{2BA290F0-4E82-4B58-AAB4-3C431EE4DE62}.Debug|Any CPU.Build.0 = Debug|Any CPU
		{2BA290F0-4E82-4B58-AAB4-3C431EE4DE62}.Debug|x64.ActiveCfg = Debug|Any CPU
		{2BA290F0-4E82-4B58-AAB4-3C431EE4DE62}.Debug|x64.Build.0 = Debug|Any CPU
		{2BA290F0-4E82-4B58-AAB4-3C431EE4DE62}.Debug|x86.ActiveCfg = Debug|Any CPU
		{2BA290F0-4E82-4B58-AAB4-3C431EE4DE62}.Debug|x86.Build.0 = Debug|Any CPU
		{2BA290F0-4E82-4B58-AAB4-3C431EE4DE62}.Release|Any CPU.ActiveCfg = Release|Any CPU
		{2BA290F0-4E82-4B58-AAB4-3C431EE4DE62}.Release|Any CPU.Build.0 = Release|Any CPU
		{2BA290F0-4E82-4B58-AAB4-3C431EE4DE62}.Release|x64.ActiveCfg = Release|Any CPU
		{2BA290F0-4E82-4B58-AAB4-3C431EE4DE62}.Release|x64.Build.0 = Release|Any CPU
		{2BA290F0-4E82-4B58-AAB4-3C431EE4DE62}.Release|x86.ActiveCfg = Release|Any CPU
		{2BA290F0-4E82-4B58-AAB4-3C431EE4DE62}.Release|x86.Build.0 = Release|Any CPU
		{F75427B3-FACD-43A9-AF49-98A0F3AAADB5}.Debug|Any CPU.ActiveCfg = Debug|Any CPU
		{F75427B3-FACD-43A9-AF49-98A0F3AAADB5}.Debug|Any CPU.Build.0 = Debug|Any CPU
		{F75427B3-FACD-43A9-AF49-98A0F3AAADB5}.Debug|x64.ActiveCfg = Debug|x64
		{F75427B3-FACD-43A9-AF49-98A0F3AAADB5}.Debug|x64.Build.0 = Debug|x64
		{F75427B3-FACD-43A9-AF49-98A0F3AAADB5}.Debug|x86.ActiveCfg = Debug|x86
		{F75427B3-FACD-43A9-AF49-98A0F3AAADB5}.Debug|x86.Build.0 = Debug|x86
		{F75427B3-FACD-43A9-AF49-98A0F3AAADB5}.Release|Any CPU.ActiveCfg = Release|Any CPU
		{F75427B3-FACD-43A9-AF49-98A0F3AAADB5}.Release|Any CPU.Build.0 = Release|Any CPU
		{F75427B3-FACD-43A9-AF49-98A0F3AAADB5}.Release|x64.ActiveCfg = Release|x64
		{F75427B3-FACD-43A9-AF49-98A0F3AAADB5}.Release|x64.Build.0 = Release|x64
		{F75427B3-FACD-43A9-AF49-98A0F3AAADB5}.Release|x86.ActiveCfg = Release|x86
		{F75427B3-FACD-43A9-AF49-98A0F3AAADB5}.Release|x86.Build.0 = Release|x86
	EndGlobalSection
	GlobalSection(SolutionProperties) = preSolution
		HideSolutionNode = FALSE
	EndGlobalSection
	GlobalSection(ExtensibilityGlobals) = postSolution
		SolutionGuid = {DAF40CCD-B3B1-476A-893F-9845DEE72A04}
	EndGlobalSection
EndGlobal
